hash: 9319a93152e45f56221994f841d02aee41728a1164f74e6bdc8af13e35918081
updated: 2018-07-23T13:19:31.276681454+04:30
imports:
- name: github.com/gorilla/mux
  version: e3702bed27f0d39777b0b37b664b6280e8ef8fbf
- name: github.com/sirupsen/logrus
  version: 3e01752db0189b9157070a0e1668a620f9a85da2
- name: github.com/t-tomalak/logrus-easy-formatter
  version: ca9ce6b071ebe774296872e9dff2009b87ddcbb0
- name: golang.org/x/crypto
  version: a2144134853fc9a27a7b1e3eb4f19f1a76df13c9
  subpackages:
  - ssh/terminal
- name: golang.org/x/sys
  version: ac767d655b305d4e9612f5f6e33120b9176c4ad4
  subpackages:
  - unix
  - windows
testImports: []
